{
  "name": "@gemeente-denhaag/inline-carousel",
  "version": "0.1.1-www-denhaag-nl.138",
  "lockfileVersion": 2,
  "requires": true,
  "packages": {
    "": {
      "name": "@gemeente-denhaag/inline-carousel",
      "version": "0.1.1-www-denhaag-nl.74",
      "license": "EUPL-1.2",
      "dependencies": {
        "swiper": "^10.0.4"
      }
    },
    "node_modules/swiper": {
      "version": "10.0.4",
      "funding": [
        {
          "type": "patreon",
          "url": "https://www.patreon.com/swiperjs"
        },
        {
          "type": "open_collective",
          "url": "http://opencollective.com/swiper"
        }
      ],
      "license": "MIT",
      "engines": {
        "node": ">= 4.7.0"
      }
    }
  },
  "dependencies": {
    "swiper": {
      "version": "10.0.4"
    }
  }
}
