{
  "name": "@gemeente-denhaag/fullwidth-slider",
  "version": "0.2.3-www-denhaag-nl.77",
  "lockfileVersion": 2,
  "requires": true,
  "packages": {
    "": {
      "name": "@gemeente-denhaag/fullwidth-slider",
      "version": "0.2.3-www-denhaag-nl.68",
      "license": "EUPL-1.2",
      "dependencies": {
        "swiper": "^10.0.4"
      }
    },
    "node_modules/swiper": {
      "version": "10.0.4",
      "resolved": "https://registry.npmjs.org/swiper/-/swiper-10.0.4.tgz",
      "integrity": "sha512-DlNR3KiaVkPep6RraZ2tNr7lvyuzELuR+4NZr4wO42t0UworIO3DxDlz8b5Q3uUioh7cJad99EdRJLkPF+r8Ag==",
      "funding": [
        {
          "type": "patreon",
          "url": "https://www.patreon.com/swiperjs"
        },
        {
          "type": "open_collective",
          "url": "http://opencollective.com/swiper"
        }
      ],
      "engines": {
        "node": ">= 4.7.0"
      }
    }
  },
  "dependencies": {
    "swiper": {
      "version": "10.0.4",
      "resolved": "https://registry.npmjs.org/swiper/-/swiper-10.0.4.tgz",
      "integrity": "sha512-DlNR3KiaVkPep6RraZ2tNr7lvyuzELuR+4NZr4wO42t0UworIO3DxDlz8b5Q3uUioh7cJad99EdRJLkPF+r8Ag=="
    }
  }
}
