{
  "name": "@gemeente-denhaag/card-calendar",
  "version": "0.2.3-www-denhaag-nl.132",
  "lockfileVersion": 2,
  "requires": true,
  "packages": {
    "": {
      "name": "@gemeente-denhaag/card-calendar",
      "version": "0.2.3-www-denhaag-nl.78",
      "license": "EUPL-1.2",
      "dependencies": {
        "yarn": "^1.22.0"
      }
    },
    "node_modules/yarn": {
      "version": "1.22.0",
      "resolved": "https://registry.npmjs.org/yarn/-/yarn-1.22.0.tgz",
      "integrity": "sha512-KMHP/Jq53jZKTY9iTUt3dIVl/be6UPs2INo96+BnZHLKxYNTfwMmlgHTaMWyGZoO74RI4AIFvnWhYrXq2USJkg==",
      "bin": {
        "yarn": "bin/yarn.js",
        "yarnpkg": "bin/yarn.js"
      },
      "engines": {
        "node": ">=4.0.0"
      }
    }
  },
  "dependencies": {
    "yarn": {
      "version": "1.22.0",
      "resolved": "https://registry.npmjs.org/yarn/-/yarn-1.22.0.tgz",
      "integrity": "sha512-KMHP/Jq53jZKTY9iTUt3dIVl/be6UPs2INo96+BnZHLKxYNTfwMmlgHTaMWyGZoO74RI4AIFvnWhYrXq2USJkg=="
    }
  }
}
